
Microsoft Visual Studio Solution File, Format Version 12.00
# Visual Studio Version 17
VisualStudioVersion = 17.14.36518.9 d17.14
MinimumVisualStudioVersion = 10.0.40219.1
Project("{FAE04EC0-301F-11D3-BF4B-00C04F79EFBC}") = "Practical_18", "Practical_18\Practical_18.csproj", "{8585991D-E5F5-4092-B522-BE33571EDC96}"
EndProject
Global
	GlobalSection(SolutionConfigurationPlatforms) = preSolution
		Debug|Any CPU = Debug|Any CPU
		Release|Any CPU = Release|Any CPU
	EndGlobalSection
	GlobalSection(ProjectConfigurationPlatforms) = postSolution
		{8585991D-E5F5-4092-B522-BE33571EDC96}.Debug|Any CPU.ActiveCfg = Debug|Any CPU
		{8585991D-E5F5-4092-B522-BE33571EDC96}.Debug|Any CPU.Build.0 = Debug|Any CPU
		{8585991D-E5F5-4092-B522-BE33571EDC96}.Release|Any CPU.ActiveCfg = Release|Any CPU
		{8585991D-E5F5-4092-B522-BE33571EDC96}.Release|Any CPU.Build.0 = Release|Any CPU
	EndGlobalSection
	GlobalSection(SolutionProperties) = preSolution
		HideSolutionNode = FALSE
	EndGlobalSection
	GlobalSection(ExtensibilityGlobals) = postSolution
		SolutionGuid = {DFBA93B5-0B2E-46AA-A978-E134A42AAD18}
	EndGlobalSection
EndGlobal
