
Microsoft Visual Studio Solution File, Format Version 12.00
# Visual Studio Version 17
VisualStudioVersion = 17.14.36518.9 d17.14
MinimumVisualStudioVersion = 10.0.40219.1
Project("{FAE04EC0-301F-11D3-BF4B-00C04F79EFBC}") = "Practical_17.Domain", "Practical_17.Domain\Practical_17.Domain.csproj", "{CC8B3322-F9F4-4D00-A464-12F59CA826A7}"
EndProject
Project("{FAE04EC0-301F-11D3-BF4B-00C04F79EFBC}") = "Practical_17.Application", "Practical_17.Application\Practical_17.Application.csproj", "{9ECDB785-A22E-4417-B3A5-F565DC4E75E0}"
EndProject
Project("{FAE04EC0-301F-11D3-BF4B-00C04F79EFBC}") = "Practical_17.Infrastructure", "Practical_17.Infrastructure\Practical_17.Infrastructure.csproj", "{7EF56F72-E6A8-40F9-B025-7E54F1FD4481}"
EndProject
Project("{FAE04EC0-301F-11D3-BF4B-00C04F79EFBC}") = "Practical_17.API", "Practical_17.API\Practical_17.API.csproj", "{1197A1EC-C0F6-446C-BF9B-3D5723B5149D}"
EndProject
Global
	GlobalSection(SolutionConfigurationPlatforms) = preSolution
		Debug|Any CPU = Debug|Any CPU
		Release|Any CPU = Release|Any CPU
	EndGlobalSection
	GlobalSection(ProjectConfigurationPlatforms) = postSolution
		{CC8B3322-F9F4-4D00-A464-12F59CA826A7}.Debug|Any CPU.ActiveCfg = Debug|Any CPU
		{CC8B3322-F9F4-4D00-A464-12F59CA826A7}.Debug|Any CPU.Build.0 = Debug|Any CPU
		{CC8B3322-F9F4-4D00-A464-12F59CA826A7}.Release|Any CPU.ActiveCfg = Release|Any CPU
		{CC8B3322-F9F4-4D00-A464-12F59CA826A7}.Release|Any CPU.Build.0 = Release|Any CPU
		{9ECDB785-A22E-4417-B3A5-F565DC4E75E0}.Debug|Any CPU.ActiveCfg = Debug|Any CPU
		{9ECDB785-A22E-4417-B3A5-F565DC4E75E0}.Debug|Any CPU.Build.0 = Debug|Any CPU
		{9ECDB785-A22E-4417-B3A5-F565DC4E75E0}.Release|Any CPU.ActiveCfg = Release|Any CPU
		{9ECDB785-A22E-4417-B3A5-F565DC4E75E0}.Release|Any CPU.Build.0 = Release|Any CPU
		{7EF56F72-E6A8-40F9-B025-7E54F1FD4481}.Debug|Any CPU.ActiveCfg = Debug|Any CPU
		{7EF56F72-E6A8-40F9-B025-7E54F1FD4481}.Debug|Any CPU.Build.0 = Debug|Any CPU
		{7EF56F72-E6A8-40F9-B025-7E54F1FD4481}.Release|Any CPU.ActiveCfg = Release|Any CPU
		{7EF56F72-E6A8-40F9-B025-7E54F1FD4481}.Release|Any CPU.Build.0 = Release|Any CPU
		{1197A1EC-C0F6-446C-BF9B-3D5723B5149D}.Debug|Any CPU.ActiveCfg = Debug|Any CPU
		{1197A1EC-C0F6-446C-BF9B-3D5723B5149D}.Debug|Any CPU.Build.0 = Debug|Any CPU
		{1197A1EC-C0F6-446C-BF9B-3D5723B5149D}.Release|Any CPU.ActiveCfg = Release|Any CPU
		{1197A1EC-C0F6-446C-BF9B-3D5723B5149D}.Release|Any CPU.Build.0 = Release|Any CPU
	EndGlobalSection
	GlobalSection(SolutionProperties) = preSolution
		HideSolutionNode = FALSE
	EndGlobalSection
	GlobalSection(ExtensibilityGlobals) = postSolution
		SolutionGuid = {E7AA764F-2892-4EBE-A40B-A9FE1F1B0358}
	EndGlobalSection
EndGlobal
